
Microsoft Visual Studio Solution File, Format Version 12.00
Project("{FAE04EC0-301F-11D3-BF4B-00C04F79EFBC}") = "AddressGetter", "AddressGetter\AddressGetter.csproj", "{CF04F430-2A9D-4118-94F7-F09DC0D74432}"
EndProject
Global
	GlobalSection(SolutionConfigurationPlatforms) = preSolution
		Debug|Any CPU = Debug|Any CPU
		Release|Any CPU = Release|Any CPU
	EndGlobalSection
	GlobalSection(ProjectConfigurationPlatforms) = postSolution
		{CF04F430-2A9D-4118-94F7-F09DC0D74432}.Debug|Any CPU.ActiveCfg = Debug|Any CPU
		{CF04F430-2A9D-4118-94F7-F09DC0D74432}.Debug|Any CPU.Build.0 = Debug|Any CPU
		{CF04F430-2A9D-4118-94F7-F09DC0D74432}.Release|Any CPU.ActiveCfg = Release|Any CPU
		{CF04F430-2A9D-4118-94F7-F09DC0D74432}.Release|Any CPU.Build.0 = Release|Any CPU
	EndGlobalSection
EndGlobal
